
Microsoft Visual Studio Solution File, Format Version 12.00
# Visual Studio 14
VisualStudioVersion = 14.0.25420.1
MinimumVisualStudioVersion = 10.0.40219.1
Project("{FAE04EC0-301F-11D3-BF4B-00C04F79EFBC}") = "Repository", "RepositoryA\Repository.csproj", "{F825C429-4AD0-4ACB-A1C2-D91C7D13A209}"
EndProject
Project("{2150E333-8FDC-42A3-9474-1A3956D46DE8}") = "DataLayer", "DataLayer", "{0E9DDC29-DDD3-4041-BB0E-CACB7351344C}"
EndProject
Project("{2150E333-8FDC-42A3-9474-1A3956D46DE8}") = "Shared", "Shared", "{BE73FD91-7529-4440-B55F-70E34AF33C7B}"
EndProject
Project("{FAE04EC0-301F-11D3-BF4B-00C04F79EFBC}") = "Shared", "Shared\Shared.csproj", "{16CCADD9-A9B5-4064-8625-AA5FD0E900C3}"
EndProject
Project("{FAE04EC0-301F-11D3-BF4B-00C04F79EFBC}") = "RepoHandler", "RepoHandler\RepoHandler.csproj", "{A215A81D-E0EA-4012-9206-F18456EE6519}"
EndProject
Global
	GlobalSection(SolutionConfigurationPlatforms) = preSolution
		Debug|Any CPU = Debug|Any CPU
		Release|Any CPU = Release|Any CPU
	EndGlobalSection
	GlobalSection(ProjectConfigurationPlatforms) = postSolution
		{F825C429-4AD0-4ACB-A1C2-D91C7D13A209}.Debug|Any CPU.ActiveCfg = Debug|Any CPU
		{F825C429-4AD0-4ACB-A1C2-D91C7D13A209}.Debug|Any CPU.Build.0 = Debug|Any CPU
		{F825C429-4AD0-4ACB-A1C2-D91C7D13A209}.Release|Any CPU.ActiveCfg = Release|Any CPU
		{F825C429-4AD0-4ACB-A1C2-D91C7D13A209}.Release|Any CPU.Build.0 = Release|Any CPU
		{16CCADD9-A9B5-4064-8625-AA5FD0E900C3}.Debug|Any CPU.ActiveCfg = Debug|Any CPU
		{16CCADD9-A9B5-4064-8625-AA5FD0E900C3}.Debug|Any CPU.Build.0 = Debug|Any CPU
		{16CCADD9-A9B5-4064-8625-AA5FD0E900C3}.Release|Any CPU.ActiveCfg = Release|Any CPU
		{16CCADD9-A9B5-4064-8625-AA5FD0E900C3}.Release|Any CPU.Build.0 = Release|Any CPU
		{A215A81D-E0EA-4012-9206-F18456EE6519}.Debug|Any CPU.ActiveCfg = Debug|Any CPU
		{A215A81D-E0EA-4012-9206-F18456EE6519}.Debug|Any CPU.Build.0 = Debug|Any CPU
		{A215A81D-E0EA-4012-9206-F18456EE6519}.Release|Any CPU.ActiveCfg = Release|Any CPU
		{A215A81D-E0EA-4012-9206-F18456EE6519}.Release|Any CPU.Build.0 = Release|Any CPU
	EndGlobalSection
	GlobalSection(SolutionProperties) = preSolution
		HideSolutionNode = FALSE
	EndGlobalSection
	GlobalSection(NestedProjects) = preSolution
		{F825C429-4AD0-4ACB-A1C2-D91C7D13A209} = {0E9DDC29-DDD3-4041-BB0E-CACB7351344C}
		{16CCADD9-A9B5-4064-8625-AA5FD0E900C3} = {BE73FD91-7529-4440-B55F-70E34AF33C7B}
		{A215A81D-E0EA-4012-9206-F18456EE6519} = {0E9DDC29-DDD3-4041-BB0E-CACB7351344C}
	EndGlobalSection
EndGlobal
