
Microsoft Visual Studio Solution File, Format Version 12.00
# Visual Studio 14
VisualStudioVersion = 14.0.25420.1
MinimumVisualStudioVersion = 10.0.40219.1
Project("{FAE04EC0-301F-11D3-BF4B-00C04F79EFBC}") = "DataProvider", "DataProvider\DataProvider.csproj", "{F161A13B-8549-49A1-BA53-ED4103084BA4}"
EndProject
Project("{2150E333-8FDC-42A3-9474-1A3956D46DE8}") = "DataLayer", "DataLayer", "{8769B1A3-A8BD-4C11-B4D7-CE8581C143B3}"
EndProject
Project("{2150E333-8FDC-42A3-9474-1A3956D46DE8}") = "ServiceLayer", "ServiceLayer", "{52456396-FA91-4412-AF92-BA4F70D5753D}"
EndProject
Project("{FAE04EC0-301F-11D3-BF4B-00C04F79EFBC}") = "ServiceProvider", "ServiceProvider\ServiceProvider.csproj", "{9F6B6747-719F-4DE6-B5CE-06E710D336A7}"
EndProject
Project("{2150E333-8FDC-42A3-9474-1A3956D46DE8}") = "Shared", "Shared", "{1E4AFABE-1066-4F5E-A2AB-120F8349253E}"
EndProject
Project("{FAE04EC0-301F-11D3-BF4B-00C04F79EFBC}") = "Shared", "Shared\Shared.csproj", "{5521DB22-2306-4382-B50D-789224BDA1C5}"
EndProject
Project("{2150E333-8FDC-42A3-9474-1A3956D46DE8}") = "PresentationLayer", "PresentationLayer", "{69E6C558-D4BB-47AB-A12D-5BDB23D953FB}"
EndProject
Project("{FAE04EC0-301F-11D3-BF4B-00C04F79EFBC}") = "QueryConsumer", "QueryConsumer\QueryConsumer.csproj", "{7D2DF308-D666-4E13-9C1A-4383278F4E42}"
EndProject
Project("{FAE04EC0-301F-11D3-BF4B-00C04F79EFBC}") = "NewFlightsWpf", "NewFlightsWpf\NewFlightsWpf.csproj", "{36FAA20A-0CCB-48E4-91E7-8C2A3416B1C2}"
EndProject
Global
	GlobalSection(SolutionConfigurationPlatforms) = preSolution
		Debug|Any CPU = Debug|Any CPU
		Release|Any CPU = Release|Any CPU
	EndGlobalSection
	GlobalSection(ProjectConfigurationPlatforms) = postSolution
		{F161A13B-8549-49A1-BA53-ED4103084BA4}.Debug|Any CPU.ActiveCfg = Debug|Any CPU
		{F161A13B-8549-49A1-BA53-ED4103084BA4}.Debug|Any CPU.Build.0 = Debug|Any CPU
		{F161A13B-8549-49A1-BA53-ED4103084BA4}.Release|Any CPU.ActiveCfg = Release|Any CPU
		{F161A13B-8549-49A1-BA53-ED4103084BA4}.Release|Any CPU.Build.0 = Release|Any CPU
		{9F6B6747-719F-4DE6-B5CE-06E710D336A7}.Debug|Any CPU.ActiveCfg = Debug|Any CPU
		{9F6B6747-719F-4DE6-B5CE-06E710D336A7}.Debug|Any CPU.Build.0 = Debug|Any CPU
		{9F6B6747-719F-4DE6-B5CE-06E710D336A7}.Release|Any CPU.ActiveCfg = Release|Any CPU
		{9F6B6747-719F-4DE6-B5CE-06E710D336A7}.Release|Any CPU.Build.0 = Release|Any CPU
		{5521DB22-2306-4382-B50D-789224BDA1C5}.Debug|Any CPU.ActiveCfg = Debug|Any CPU
		{5521DB22-2306-4382-B50D-789224BDA1C5}.Debug|Any CPU.Build.0 = Debug|Any CPU
		{5521DB22-2306-4382-B50D-789224BDA1C5}.Release|Any CPU.ActiveCfg = Release|Any CPU
		{5521DB22-2306-4382-B50D-789224BDA1C5}.Release|Any CPU.Build.0 = Release|Any CPU
		{7D2DF308-D666-4E13-9C1A-4383278F4E42}.Debug|Any CPU.ActiveCfg = Debug|Any CPU
		{7D2DF308-D666-4E13-9C1A-4383278F4E42}.Debug|Any CPU.Build.0 = Debug|Any CPU
		{7D2DF308-D666-4E13-9C1A-4383278F4E42}.Release|Any CPU.ActiveCfg = Release|Any CPU
		{7D2DF308-D666-4E13-9C1A-4383278F4E42}.Release|Any CPU.Build.0 = Release|Any CPU
		{36FAA20A-0CCB-48E4-91E7-8C2A3416B1C2}.Debug|Any CPU.ActiveCfg = Debug|Any CPU
		{36FAA20A-0CCB-48E4-91E7-8C2A3416B1C2}.Debug|Any CPU.Build.0 = Debug|Any CPU
		{36FAA20A-0CCB-48E4-91E7-8C2A3416B1C2}.Release|Any CPU.ActiveCfg = Release|Any CPU
		{36FAA20A-0CCB-48E4-91E7-8C2A3416B1C2}.Release|Any CPU.Build.0 = Release|Any CPU
	EndGlobalSection
	GlobalSection(SolutionProperties) = preSolution
		HideSolutionNode = FALSE
	EndGlobalSection
	GlobalSection(NestedProjects) = preSolution
		{F161A13B-8549-49A1-BA53-ED4103084BA4} = {8769B1A3-A8BD-4C11-B4D7-CE8581C143B3}
		{9F6B6747-719F-4DE6-B5CE-06E710D336A7} = {52456396-FA91-4412-AF92-BA4F70D5753D}
		{5521DB22-2306-4382-B50D-789224BDA1C5} = {1E4AFABE-1066-4F5E-A2AB-120F8349253E}
		{7D2DF308-D666-4E13-9C1A-4383278F4E42} = {69E6C558-D4BB-47AB-A12D-5BDB23D953FB}
		{36FAA20A-0CCB-48E4-91E7-8C2A3416B1C2} = {69E6C558-D4BB-47AB-A12D-5BDB23D953FB}
	EndGlobalSection
EndGlobal
